# This file is autogenerated, do not edit; changes may be undone by the next 'dep ensure'.


[[projects]]
  name = "github.com/Sirupsen/logrus"
  packages = ["."]
  revision = "f006c2ac4710855cf0f916dd6b77acf6b048dc6e"
  version = "v1.0.3"

[[projects]]
  name = "github.com/buaazp/fasthttprouter"
  packages = ["."]
  revision = "ade4e2031af3aed7fffd241084aad80a58faf421"
  version = "v0.1.1"

[[projects]]
  branch = "master"
  name = "github.com/containous/flaeg"
  packages = ["."]
  revision = "7e9ef6aeb43b229b21bf1431b5af2ba1a9c51028"

[[projects]]
  branch = "master"
  name = "github.com/hashicorp/go-version"
  packages = ["."]
  revision = "fc61389e27c71d120f87031ca8c88a3428f372dd"

[[projects]]
  name = "github.com/klauspost/compress"
  packages = ["flate","gzip","zlib"]
  revision = "6c8db69c4b49dd4df1fff66996cf556176d0b9bf"
  version = "v1.2.1"

[[projects]]
  name = "github.com/klauspost/cpuid"
  packages = ["."]
  revision = "ae7887de9fa5d2db4eaa8174a7eff2c1ac00f2da"
  version = "v1.1"

[[projects]]
  name = "github.com/klauspost/crc32"
  packages = ["."]
  revision = "cb6bfca970f6908083f26f39a79009d608efd5cd"
  version = "v1.1"

[[projects]]
  name = "github.com/ogier/pflag"
  packages = ["."]
  revision = "32a05c62658bd1d7c7e75cbc8195de5d585fde0f"
  version = "v0.0.1"

[[projects]]
  name = "github.com/rs/xhandler"
  packages = ["."]
  revision = "d9d9599b6aaf6a058cb7b1f48291ded2cbd13390"
  version = "v1.0"

[[projects]]
  name = "github.com/rs/xid"
  packages = ["."]
  revision = "02dd45c33376f85d1064355dc790dcc4850596b1"
  version = "v1.1"

[[projects]]
  branch = "master"
  name = "github.com/rs/xlog"
  packages = [".","internal/term"]
  revision = "7ed5dc1cca34bb0c9e8f0e58dcf19b6dea3044d5"

[[projects]]
  name = "github.com/valyala/fasthttp"
  packages = [".","fasthttputil"]
  revision = "d42167fd04f636e20b005e9934159e95454233c7"
  version = "v20160617"

[[projects]]
  branch = "master"
  name = "golang.org/x/crypto"
  packages = ["ssh/terminal"]
  revision = "9419663f5a44be8b34ca85f08abc5fe1be11f8a3"

[[projects]]
  branch = "master"
  name = "golang.org/x/net"
  packages = ["context"]
  revision = "a04bdaca5b32abe1c069418fb7088ae607de5bd0"

[[projects]]
  branch = "master"
  name = "golang.org/x/sys"
  packages = ["unix","windows"]
  revision = "314a259e304ff91bd6985da2a7149bbf91237993"

[solve-meta]
  analyzer-name = "dep"
  analyzer-version = 1
  inputs-digest = "004d4e593ed75efb13a26e1966a723181c6121c7f7a85808f8dd5c4e7946de45"
  solver-name = "gps-cdcl"
  solver-version = 1
